
Microsoft Visual Studio Solution File, Format Version 12.00
# Visual Studio Express 2012 for Windows Desktop
Project("{8BC9CEB8-8B4A-11D0-8D11-00A0C91BC942}") = "task1", "task1\task1.vcxproj", "{FC97B2E4-42DC-4B3F-8D6B-09CAA7B11020}"
EndProject
Project("{8BC9CEB8-8B4A-11D0-8D11-00A0C91BC942}") = "task5", "task5\task5.vcxproj", "{00CE8554-6EC1-4E84-ADCA-BEEBF98576E0}"
EndProject
Project("{8BC9CEB8-8B4A-11D0-8D11-00A0C91BC942}") = "task2", "task2\task2.vcxproj", "{C458C001-B9FC-44BF-9B2A-35C1B56133D6}"
EndProject
Project("{8BC9CEB8-8B4A-11D0-8D11-00A0C91BC942}") = "task3", "task3\task3.vcxproj", "{61E5837A-4AA0-4CC9-9003-FA81A04A1381}"
EndProject
Project("{8BC9CEB8-8B4A-11D0-8D11-00A0C91BC942}") = "task4", "task4\task4.vcxproj", "{B0946292-7C54-428D-839A-08DB55E259DA}"
EndProject
Global
	GlobalSection(SolutionConfigurationPlatforms) = preSolution
		Debug|Win32 = Debug|Win32
		Release|Win32 = Release|Win32
	EndGlobalSection
	GlobalSection(ProjectConfigurationPlatforms) = postSolution
		{FC97B2E4-42DC-4B3F-8D6B-09CAA7B11020}.Debug|Win32.ActiveCfg = Debug|Win32
		{FC97B2E4-42DC-4B3F-8D6B-09CAA7B11020}.Debug|Win32.Build.0 = Debug|Win32
		{FC97B2E4-42DC-4B3F-8D6B-09CAA7B11020}.Release|Win32.ActiveCfg = Release|Win32
		{FC97B2E4-42DC-4B3F-8D6B-09CAA7B11020}.Release|Win32.Build.0 = Release|Win32
		{00CE8554-6EC1-4E84-ADCA-BEEBF98576E0}.Debug|Win32.ActiveCfg = Debug|Win32
		{00CE8554-6EC1-4E84-ADCA-BEEBF98576E0}.Debug|Win32.Build.0 = Debug|Win32
		{00CE8554-6EC1-4E84-ADCA-BEEBF98576E0}.Release|Win32.ActiveCfg = Release|Win32
		{00CE8554-6EC1-4E84-ADCA-BEEBF98576E0}.Release|Win32.Build.0 = Release|Win32
		{C458C001-B9FC-44BF-9B2A-35C1B56133D6}.Debug|Win32.ActiveCfg = Debug|Win32
		{C458C001-B9FC-44BF-9B2A-35C1B56133D6}.Debug|Win32.Build.0 = Debug|Win32
		{C458C001-B9FC-44BF-9B2A-35C1B56133D6}.Release|Win32.ActiveCfg = Release|Win32
		{C458C001-B9FC-44BF-9B2A-35C1B56133D6}.Release|Win32.Build.0 = Release|Win32
		{61E5837A-4AA0-4CC9-9003-FA81A04A1381}.Debug|Win32.ActiveCfg = Debug|Win32
		{61E5837A-4AA0-4CC9-9003-FA81A04A1381}.Debug|Win32.Build.0 = Debug|Win32
		{61E5837A-4AA0-4CC9-9003-FA81A04A1381}.Release|Win32.ActiveCfg = Release|Win32
		{61E5837A-4AA0-4CC9-9003-FA81A04A1381}.Release|Win32.Build.0 = Release|Win32
		{B0946292-7C54-428D-839A-08DB55E259DA}.Debug|Win32.ActiveCfg = Debug|Win32
		{B0946292-7C54-428D-839A-08DB55E259DA}.Debug|Win32.Build.0 = Debug|Win32
		{B0946292-7C54-428D-839A-08DB55E259DA}.Release|Win32.ActiveCfg = Release|Win32
		{B0946292-7C54-428D-839A-08DB55E259DA}.Release|Win32.Build.0 = Release|Win32
	EndGlobalSection
	GlobalSection(SolutionProperties) = preSolution
		HideSolutionNode = FALSE
	EndGlobalSection
EndGlobal
